
Microsoft Visual Studio Solution File, Format Version 12.00
# Visual Studio Version 16
VisualStudioVersion = 16.0.29709.97
MinimumVisualStudioVersion = 10.0.40219.1
Project("{9A19103F-16F7-4668-BE54-9A1E7A4F7556}") = "SoSCidadaoWeb", "SoSCidadaoWeb\SoSCidadaoWeb.csproj", "{A01B5480-BF24-491A-8ACA-0B46E48A8E66}"
EndProject
Project("{9A19103F-16F7-4668-BE54-9A1E7A4F7556}") = "Core", "Core\Core.csproj", "{CCA057E9-64D9-4F6E-9BBB-E26F79E581E4}"
EndProject
Project("{9A19103F-16F7-4668-BE54-9A1E7A4F7556}") = "Service", "Service\Service.csproj", "{1E2AFDD2-60BE-4797-B130-AE62A366345A}"
EndProject
Global
	GlobalSection(SolutionConfigurationPlatforms) = preSolution
		Debug|Any CPU = Debug|Any CPU
		Release|Any CPU = Release|Any CPU
	EndGlobalSection
	GlobalSection(ProjectConfigurationPlatforms) = postSolution
		{A01B5480-BF24-491A-8ACA-0B46E48A8E66}.Debug|Any CPU.ActiveCfg = Debug|Any CPU
		{A01B5480-BF24-491A-8ACA-0B46E48A8E66}.Debug|Any CPU.Build.0 = Debug|Any CPU
		{A01B5480-BF24-491A-8ACA-0B46E48A8E66}.Release|Any CPU.ActiveCfg = Release|Any CPU
		{A01B5480-BF24-491A-8ACA-0B46E48A8E66}.Release|Any CPU.Build.0 = Release|Any CPU
		{CCA057E9-64D9-4F6E-9BBB-E26F79E581E4}.Debug|Any CPU.ActiveCfg = Debug|Any CPU
		{CCA057E9-64D9-4F6E-9BBB-E26F79E581E4}.Debug|Any CPU.Build.0 = Debug|Any CPU
		{CCA057E9-64D9-4F6E-9BBB-E26F79E581E4}.Release|Any CPU.ActiveCfg = Release|Any CPU
		{CCA057E9-64D9-4F6E-9BBB-E26F79E581E4}.Release|Any CPU.Build.0 = Release|Any CPU
		{1E2AFDD2-60BE-4797-B130-AE62A366345A}.Debug|Any CPU.ActiveCfg = Debug|Any CPU
		{1E2AFDD2-60BE-4797-B130-AE62A366345A}.Debug|Any CPU.Build.0 = Debug|Any CPU
		{1E2AFDD2-60BE-4797-B130-AE62A366345A}.Release|Any CPU.ActiveCfg = Release|Any CPU
		{1E2AFDD2-60BE-4797-B130-AE62A366345A}.Release|Any CPU.Build.0 = Release|Any CPU
	EndGlobalSection
	GlobalSection(SolutionProperties) = preSolution
		HideSolutionNode = FALSE
	EndGlobalSection
	GlobalSection(ExtensibilityGlobals) = postSolution
		SolutionGuid = {E4B3BE6C-2799-4536-A1E1-CE00CF525CD9}
	EndGlobalSection
EndGlobal
