
Microsoft Visual Studio Solution File, Format Version 12.00
# Visual Studio Version 16
VisualStudioVersion = 16.0.30717.126
MinimumVisualStudioVersion = 10.0.40219.1
Project("{9A19103F-16F7-4668-BE54-9A1E7A4F7556}") = "SosCidadaoWeb", "SosCidadaoWeb\SosCidadaoWeb.csproj", "{A20DCFBD-E3BE-468A-9AEE-5FA95C860AC1}"
EndProject
Project("{9A19103F-16F7-4668-BE54-9A1E7A4F7556}") = "Core", "Core\Core.csproj", "{62E1B0D8-0BB8-43B5-9745-B4E9CF5B599B}"
EndProject
Project("{FAE04EC0-301F-11D3-BF4B-00C04F79EFBC}") = "Service", "Service\Service.csproj", "{B5C1C702-A567-4FEC-A718-6A5E8B4BEF10}"
EndProject
Global
	GlobalSection(SolutionConfigurationPlatforms) = preSolution
		Debug|Any CPU = Debug|Any CPU
		Release|Any CPU = Release|Any CPU
	EndGlobalSection
	GlobalSection(ProjectConfigurationPlatforms) = postSolution
		{A20DCFBD-E3BE-468A-9AEE-5FA95C860AC1}.Debug|Any CPU.ActiveCfg = Debug|Any CPU
		{A20DCFBD-E3BE-468A-9AEE-5FA95C860AC1}.Debug|Any CPU.Build.0 = Debug|Any CPU
		{A20DCFBD-E3BE-468A-9AEE-5FA95C860AC1}.Release|Any CPU.ActiveCfg = Release|Any CPU
		{A20DCFBD-E3BE-468A-9AEE-5FA95C860AC1}.Release|Any CPU.Build.0 = Release|Any CPU
		{62E1B0D8-0BB8-43B5-9745-B4E9CF5B599B}.Debug|Any CPU.ActiveCfg = Debug|Any CPU
		{62E1B0D8-0BB8-43B5-9745-B4E9CF5B599B}.Debug|Any CPU.Build.0 = Debug|Any CPU
		{62E1B0D8-0BB8-43B5-9745-B4E9CF5B599B}.Release|Any CPU.ActiveCfg = Release|Any CPU
		{62E1B0D8-0BB8-43B5-9745-B4E9CF5B599B}.Release|Any CPU.Build.0 = Release|Any CPU
		{B5C1C702-A567-4FEC-A718-6A5E8B4BEF10}.Debug|Any CPU.ActiveCfg = Debug|Any CPU
		{B5C1C702-A567-4FEC-A718-6A5E8B4BEF10}.Debug|Any CPU.Build.0 = Debug|Any CPU
		{B5C1C702-A567-4FEC-A718-6A5E8B4BEF10}.Release|Any CPU.ActiveCfg = Release|Any CPU
		{B5C1C702-A567-4FEC-A718-6A5E8B4BEF10}.Release|Any CPU.Build.0 = Release|Any CPU
	EndGlobalSection
	GlobalSection(SolutionProperties) = preSolution
		HideSolutionNode = FALSE
	EndGlobalSection
	GlobalSection(ExtensibilityGlobals) = postSolution
		SolutionGuid = {0CBD3095-90F9-4E36-AC50-5CD18DD1D603}
	EndGlobalSection
EndGlobal
