
Microsoft Visual Studio Solution File, Format Version 12.00
# Visual Studio Version 16
VisualStudioVersion = 16.0.30907.101
MinimumVisualStudioVersion = 10.0.40219.1
Project("{9A19103F-16F7-4668-BE54-9A1E7A4F7556}") = "SosCidadaoWeb", "SosCidadaoWeb\SosCidadaoWeb.csproj", "{790ABA31-11F7-44CF-80F2-9D506F06EBDE}"
EndProject
Project("{9A19103F-16F7-4668-BE54-9A1E7A4F7556}") = "Core", "Core\Core.csproj", "{AEEB13DD-7134-42C3-B503-C4D5AFC5B6A6}"
EndProject
Project("{9A19103F-16F7-4668-BE54-9A1E7A4F7556}") = "Service", "Service\Service.csproj", "{D08ACDA6-E58E-42B0-85A3-E6AC86B4B6C5}"
EndProject
Project("{FAE04EC0-301F-11D3-BF4B-00C04F79EFBC}") = "SosCidadaoWebTests2", "SosCidadaoWebTests2\SosCidadaoWebTests2.csproj", "{0B3F8F86-B2C2-4A3C-B280-8B6BCFAB6C4A}"
EndProject
Global
	GlobalSection(SolutionConfigurationPlatforms) = preSolution
		Debug|Any CPU = Debug|Any CPU
		Release|Any CPU = Release|Any CPU
	EndGlobalSection
	GlobalSection(ProjectConfigurationPlatforms) = postSolution
		{790ABA31-11F7-44CF-80F2-9D506F06EBDE}.Debug|Any CPU.ActiveCfg = Debug|Any CPU
		{790ABA31-11F7-44CF-80F2-9D506F06EBDE}.Debug|Any CPU.Build.0 = Debug|Any CPU
		{790ABA31-11F7-44CF-80F2-9D506F06EBDE}.Release|Any CPU.ActiveCfg = Release|Any CPU
		{790ABA31-11F7-44CF-80F2-9D506F06EBDE}.Release|Any CPU.Build.0 = Release|Any CPU
		{AEEB13DD-7134-42C3-B503-C4D5AFC5B6A6}.Debug|Any CPU.ActiveCfg = Debug|Any CPU
		{AEEB13DD-7134-42C3-B503-C4D5AFC5B6A6}.Debug|Any CPU.Build.0 = Debug|Any CPU
		{AEEB13DD-7134-42C3-B503-C4D5AFC5B6A6}.Release|Any CPU.ActiveCfg = Release|Any CPU
		{AEEB13DD-7134-42C3-B503-C4D5AFC5B6A6}.Release|Any CPU.Build.0 = Release|Any CPU
		{D08ACDA6-E58E-42B0-85A3-E6AC86B4B6C5}.Debug|Any CPU.ActiveCfg = Debug|Any CPU
		{D08ACDA6-E58E-42B0-85A3-E6AC86B4B6C5}.Debug|Any CPU.Build.0 = Debug|Any CPU
		{D08ACDA6-E58E-42B0-85A3-E6AC86B4B6C5}.Release|Any CPU.ActiveCfg = Release|Any CPU
		{D08ACDA6-E58E-42B0-85A3-E6AC86B4B6C5}.Release|Any CPU.Build.0 = Release|Any CPU
		{0B3F8F86-B2C2-4A3C-B280-8B6BCFAB6C4A}.Debug|Any CPU.ActiveCfg = Debug|Any CPU
		{0B3F8F86-B2C2-4A3C-B280-8B6BCFAB6C4A}.Debug|Any CPU.Build.0 = Debug|Any CPU
		{0B3F8F86-B2C2-4A3C-B280-8B6BCFAB6C4A}.Release|Any CPU.ActiveCfg = Release|Any CPU
		{0B3F8F86-B2C2-4A3C-B280-8B6BCFAB6C4A}.Release|Any CPU.Build.0 = Release|Any CPU
	EndGlobalSection
	GlobalSection(SolutionProperties) = preSolution
		HideSolutionNode = FALSE
	EndGlobalSection
	GlobalSection(ExtensibilityGlobals) = postSolution
		SolutionGuid = {1A41B084-D548-4DCF-BAC9-33E9CCA6D13D}
	EndGlobalSection
EndGlobal
